
Microsoft Visual Studio Solution File, Format Version 12.00
# Visual Studio Version 17
VisualStudioVersion = 17.9.34723.18
MinimumVisualStudioVersion = 10.0.40219.1
Project("{54A90642-561A-4BB1-A94E-469ADEE60C69}") = "ECommerce-WebLab", "ECommerce-WebLab.esproj", "{7954BAAF-50EB-4CA9-AF27-75CB2617741F}"
EndProject
Global
	GlobalSection(SolutionConfigurationPlatforms) = preSolution
		Debug|Any CPU = Debug|Any CPU
		Release|Any CPU = Release|Any CPU
	EndGlobalSection
	GlobalSection(ProjectConfigurationPlatforms) = postSolution
		{7954BAAF-50EB-4CA9-AF27-75CB2617741F}.Debug|Any CPU.ActiveCfg = Debug|Any CPU
		{7954BAAF-50EB-4CA9-AF27-75CB2617741F}.Debug|Any CPU.Build.0 = Debug|Any CPU
		{7954BAAF-50EB-4CA9-AF27-75CB2617741F}.Debug|Any CPU.Deploy.0 = Debug|Any CPU
		{7954BAAF-50EB-4CA9-AF27-75CB2617741F}.Release|Any CPU.ActiveCfg = Release|Any CPU
		{7954BAAF-50EB-4CA9-AF27-75CB2617741F}.Release|Any CPU.Build.0 = Release|Any CPU
		{7954BAAF-50EB-4CA9-AF27-75CB2617741F}.Release|Any CPU.Deploy.0 = Release|Any CPU
	EndGlobalSection
	GlobalSection(SolutionProperties) = preSolution
		HideSolutionNode = FALSE
	EndGlobalSection
	GlobalSection(ExtensibilityGlobals) = postSolution
		SolutionGuid = {70A93156-C025-4C5A-8B3B-820FF8FF6297}
	EndGlobalSection
EndGlobal
